// !$*UTF8*$!
{
	archiveVersion = 1;
	classes = {
	};
	objectVersion = 46;
	objects = {

/* Begin PBXBuildFile section */
		1F44C10418DB5FAE008FA754 /* Cocoa.framework in Frameworks */ = {isa = PBXBuildFile; fileRef = 1F44C10318DB5FAE008FA754 /* Cocoa.framework */; };
		1F44C10E18DB5FAE008FA754 /* InfoPlist.strings in Resources */ = {isa = PBXBuildFile; fileRef = 1F44C10C18DB5FAE008FA754 /* InfoPlist.strings */; };
		1F44C11018DB5FAE008FA754 /* main.m in Sources */ = {isa = PBXBuildFile; fileRef = 1F44C10F18DB5FAE008FA754 /* main.m */; };
		1F44C11418DB5FAE008FA754 /* Credits.rtf in Resources */ = {isa = PBXBuildFile; fileRef = 1F44C11218DB5FAE008FA754 /* Credits.rtf */; };
		1F44C11718DB5FAE008FA754 /* AppDelegate.m in Sources */ = {isa = PBXBuildFile; fileRef = 1F44C11618DB5FAE008FA754 /* AppDelegate.m */; };
		1F44C11A18DB5FAE008FA754 /* MainMenu.xib in Resources */ = {isa = PBXBuildFile; fileRef = 1F44C11818DB5FAE008FA754 /* MainMenu.xib */; };
		1F44C11C18DB5FAE008FA754 /* Images.xcassets in Resources */ = {isa = PBXBuildFile; fileRef = 1F44C11B18DB5FAE008FA754 /* Images.xcassets */; };
		1F44C12318DB5FAE008FA754 /* XCTest.framework in Frameworks */ = {isa = PBXBuildFile; fileRef = 1F44C12218DB5FAE008FA754 /* XCTest.framework */; };
		1F44C12418DB5FAE008FA754 /* Cocoa.framework in Frameworks */ = {isa = PBXBuildFile; fileRef = 1F44C10318DB5FAE008FA754 /* Cocoa.framework */; };
		1F44C12C18DB5FAE008FA754 /* InfoPlist.strings in Resources */ = {isa = PBXBuildFile; fileRef = 1F44C12A18DB5FAE008FA754 /* InfoPlist.strings */; };
		1F44C12E18DB5FAE008FA754 /* munsell_wheelTests.m in Sources */ = {isa = PBXBuildFile; fileRef = 1F44C12D18DB5FAE008FA754 /* munsell_wheelTests.m */; };
/* End PBXBuildFile section */

/* Begin PBXContainerItemProxy section */
		1F44C12518DB5FAE008FA754 /* PBXContainerItemProxy */ = {
			isa = PBXContainerItemProxy;
			containerPortal = 1F44C0F818DB5FAD008FA754 /* Project object */;
			proxyType = 1;
			remoteGlobalIDString = 1F44C0FF18DB5FAE008FA754;
			remoteInfo = "munsell wheel";
		};
/* End PBXContainerItemProxy section */

/* Begin PBXFileReference section */
		1F44C10018DB5FAE008FA754 /* munsell wheel.app */ = {isa = PBXFileReference; explicitFileType = wrapper.application; includeInIndex = 0; path = "munsell wheel.app"; sourceTree = BUILT_PRODUCTS_DIR; };
		1F44C10318DB5FAE008FA754 /* Cocoa.framework */ = {isa = PBXFileReference; lastKnownFileType = wrapper.framework; name = Cocoa.framework; path = System/Library/Frameworks/Cocoa.framework; sourceTree = SDKROOT; };
		1F44C10618DB5FAE008FA754 /* AppKit.framework */ = {isa = PBXFileReference; lastKnownFileType = wrapper.framework; name = AppKit.framework; path = System/Library/Frameworks/AppKit.framework; sourceTree = SDKROOT; };
		1F44C10718DB5FAE008FA754 /* CoreData.framework */ = {isa = PBXFileReference; lastKnownFileType = wrapper.framework; name = CoreData.framework; path = System/Library/Frameworks/CoreData.framework; sourceTree = SDKROOT; };
		1F44C10818DB5FAE008FA754 /* Foundation.framework */ = {isa = PBXFileReference; lastKnownFileType = wrapper.framework; name = Foundation.framework; path = System/Library/Frameworks/Foundation.framework; sourceTree = SDKROOT; };
		1F44C10B18DB5FAE008FA754 /* munsell wheel-Info.plist */ = {isa = PBXFileReference; lastKnownFileType = text.plist.xml; path = "munsell wheel-Info.plist"; sourceTree = "<group>"; };
		1F44C10D18DB5FAE008FA754 /* en */ = {isa = PBXFileReference; lastKnownFileType = text.plist.strings; name = en; path = en.lproj/InfoPlist.strings; sourceTree = "<group>"; };
		1F44C10F18DB5FAE008FA754 /* main.m */ = {isa = PBXFileReference; lastKnownFileType = sourcecode.c.objc; path = main.m; sourceTree = "<group>"; };
		1F44C11118DB5FAE008FA754 /* munsell wheel-Prefix.pch */ = {isa = PBXFileReference; lastKnownFileType = sourcecode.c.h; path = "munsell wheel-Prefix.pch"; sourceTree = "<group>"; };
		1F44C11318DB5FAE008FA754 /* en */ = {isa = PBXFileReference; lastKnownFileType = text.rtf; name = en; path = en.lproj/Credits.rtf; sourceTree = "<group>"; };
		1F44C11518DB5FAE008FA754 /* AppDelegate.h */ = {isa = PBXFileReference; lastKnownFileType = sourcecode.c.h; path = AppDelegate.h; sourceTree = "<group>"; };
		1F44C11618DB5FAE008FA754 /* AppDelegate.m */ = {isa = PBXFileReference; lastKnownFileType = sourcecode.c.objc; path = AppDelegate.m; sourceTree = "<group>"; };
		1F44C11918DB5FAE008FA754 /* Base */ = {isa = PBXFileReference; lastKnownFileType = file.xib; name = Base; path = Base.lproj/MainMenu.xib; sourceTree = "<group>"; };
		1F44C11B18DB5FAE008FA754 /* Images.xcassets */ = {isa = PBXFileReference; lastKnownFileType = folder.assetcatalog; path = Images.xcassets; sourceTree = "<group>"; };
		1F44C12118DB5FAE008FA754 /* munsell wheelTests.xctest */ = {isa = PBXFileReference; explicitFileType = wrapper.cfbundle; includeInIndex = 0; path = "munsell wheelTests.xctest"; sourceTree = BUILT_PRODUCTS_DIR; };
		1F44C12218DB5FAE008FA754 /* XCTest.framework */ = {isa = PBXFileReference; lastKnownFileType = wrapper.framework; name = XCTest.framework; path = Library/Frameworks/XCTest.framework; sourceTree = DEVELOPER_DIR; };
		1F44C12918DB5FAE008FA754 /* munsell wheelTests-Info.plist */ = {isa = PBXFileReference; lastKnownFileType = text.plist.xml; path = "munsell wheelTests-Info.plist"; sourceTree = "<group>"; };
		1F44C12B18DB5FAE008FA754 /* en */ = {isa = PBXFileReference; lastKnownFileType = text.plist.strings; name = en; path = en.lproj/InfoPlist.strings; sourceTree = "<group>"; };
		1F44C12D18DB5FAE008FA754 /* munsell_wheelTests.m */ = {isa = PBXFileReference; lastKnownFileType = sourcecode.c.objc; path = munsell_wheelTests.m; sourceTree = "<group>"; };
/* End PBXFileReference section */

/* Begin PBXFrameworksBuildPhase section */
		1F44C0FD18DB5FAE008FA754 /* Frameworks */ = {
			isa = PBXFrameworksBuildPhase;
			buildActionMask = 2147483647;
			files = (
				1F44C10418DB5FAE008FA754 /* Cocoa.framework in Frameworks */,
			);
			runOnlyForDeploymentPostprocessing = 0;
		};
		1F44C11E18DB5FAE008FA754 /* Frameworks */ = {
			isa = PBXFrameworksBuildPhase;
			buildActionMask = 2147483647;
			files = (
				1F44C12418DB5FAE008FA754 /* Cocoa.framework in Frameworks */,
				1F44C12318DB5FAE008FA754 /* XCTest.framework in Frameworks */,
			);
			runOnlyForDeploymentPostprocessing = 0;
		};
/* End PBXFrameworksBuildPhase section */

/* Begin PBXGroup section */
		1F44C0F718DB5FAD008FA754 = {
			isa = PBXGroup;
			children = (
				1F44C10918DB5FAE008FA754 /* munsell wheel */,
				1F44C12718DB5FAE008FA754 /* munsell wheelTests */,
				1F44C10218DB5FAE008FA754 /* Frameworks */,
				1F44C10118DB5FAE008FA754 /* Products */,
			);
			sourceTree = "<group>";
		};
		1F44C10118DB5FAE008FA754 /* Products */ = {
			isa = PBXGroup;
			children = (
				1F44C10018DB5FAE008FA754 /* munsell wheel.app */,
				1F44C12118DB5FAE008FA754 /* munsell wheelTests.xctest */,
			);
			name = Products;
			sourceTree = "<group>";
		};
		1F44C10218DB5FAE008FA754 /* Frameworks */ = {
			isa = PBXGroup;
			children = (
				1F44C10318DB5FAE008FA754 /* Cocoa.framework */,
				1F44C12218DB5FAE008FA754 /* XCTest.framework */,
				1F44C10518DB5FAE008FA754 /* Other Frameworks */,
			);
			name = Frameworks;
			sourceTree = "<group>";
		};
		1F44C10518DB5FAE008FA754 /* Other Frameworks */ = {
			isa = PBXGroup;
			children = (
				1F44C10618DB5FAE008FA754 /* AppKit.framework */,
				1F44C10718DB5FAE008FA754 /* CoreData.framework */,
				1F44C10818DB5FAE008FA754 /* Foundation.framework */,
			);
			name = "Other Frameworks";
			sourceTree = "<group>";
		};
		1F44C10918DB5FAE008FA754 /* munsell wheel */ = {
			isa = PBXGroup;
			children = (
				1F44C11518DB5FAE008FA754 /* AppDelegate.h */,
				1F44C11618DB5FAE008FA754 /* AppDelegate.m */,
				1F44C11818DB5FAE008FA754 /* MainMenu.xib */,
				1F44C11B18DB5FAE008FA754 /* Images.xcassets */,
				1F44C10A18DB5FAE008FA754 /* Supporting Files */,
			);
			path = "munsell wheel";
			sourceTree = "<group>";
		};
		1F44C10A18DB5FAE008FA754 /* Supporting Files */ = {
			isa = PBXGroup;
			children = (
				1F44C10B18DB5FAE008FA754 /* munsell wheel-Info.plist */,
				1F44C10C18DB5FAE008FA754 /* InfoPlist.strings */,
				1F44C10F18DB5FAE008FA754 /* main.m */,
				1F44C11118DB5FAE008FA754 /* munsell wheel-Prefix.pch */,
				1F44C11218DB5FAE008FA754 /* Credits.rtf */,
			);
			name = "Supporting Files";
			sourceTree = "<group>";
		};
		1F44C12718DB5FAE008FA754 /* munsell wheelTests */ = {
			isa = PBXGroup;
			children = (
				1F44C12D18DB5FAE008FA754 /* munsell_wheelTests.m */,
				1F44C12818DB5FAE008FA754 /* Supporting Files */,
			);
			path = "munsell wheelTests";
			sourceTree = "<group>";
		};
		1F44C12818DB5FAE008FA754 /* Supporting Files */ = {
			isa = PBXGroup;
			children = (
				1F44C12918DB5FAE008FA754 /* munsell wheelTests-Info.plist */,
				1F44C12A18DB5FAE008FA754 /* InfoPlist.strings */,
			);
			name = "Supporting Files";
			sourceTree = "<group>";
		};
/* End PBXGroup section */

/* Begin PBXNativeTarget section */
		1F44C0FF18DB5FAE008FA754 /* munsell wheel */ = {
			isa = PBXNativeTarget;
			buildConfigurationList = 1F44C13118DB5FAE008FA754 /* Build configuration list for PBXNativeTarget "munsell wheel" */;
			buildPhases = (
				1F44C0FC18DB5FAE008FA754 /* Sources */,
				1F44C0FD18DB5FAE008FA754 /* Frameworks */,
				1F44C0FE18DB5FAE008FA754 /* Resources */,
			);
			buildRules = (
			);
			dependencies = (
			);
			name = "munsell wheel";
			productName = "munsell wheel";
			productReference = 1F44C10018DB5FAE008FA754 /* munsell wheel.app */;
			productType = "com.apple.product-type.application";
		};
		1F44C12018DB5FAE008FA754 /* munsell wheelTests */ = {
			isa = PBXNativeTarget;
			buildConfigurationList = 1F44C13418DB5FAE008FA754 /* Build configuration list for PBXNativeTarget "munsell wheelTests" */;
			buildPhases = (
				1F44C11D18DB5FAE008FA754 /* Sources */,
				1F44C11E18DB5FAE008FA754 /* Frameworks */,
				1F44C11F18DB5FAE008FA754 /* Resources */,
			);
			buildRules = (
			);
			dependencies = (
				1F44C12618DB5FAE008FA754 /* PBXTargetDependency */,
			);
			name = "munsell wheelTests";
			productName = "munsell wheelTests";
			productReference = 1F44C12118DB5FAE008FA754 /* munsell wheelTests.xctest */;
			productType = "com.apple.product-type.bundle.unit-test";
		};
/* End PBXNativeTarget section */

/* Begin PBXProject section */
		1F44C0F818DB5FAD008FA754 /* Project object */ = {
			isa = PBXProject;
			attributes = {
				LastUpgradeCheck = 0500;
				ORGANIZATIONNAME = jeff;
				TargetAttributes = {
					1F44C12018DB5FAE008FA754 = {
						TestTargetID = 1F44C0FF18DB5FAE008FA754;
					};
				};
			};
			buildConfigurationList = 1F44C0FB18DB5FAD008FA754 /* Build configuration list for PBXProject "munsell wheel" */;
			compatibilityVersion = "Xcode 3.2";
			developmentRegion = English;
			hasScannedForEncodings = 0;
			knownRegions = (
				en,
				Base,
			);
			mainGroup = 1F44C0F718DB5FAD008FA754;
			productRefGroup = 1F44C10118DB5FAE008FA754 /* Products */;
			projectDirPath = "";
			projectRoot = "";
			targets = (
				1F44C0FF18DB5FAE008FA754 /* munsell wheel */,
				1F44C12018DB5FAE008FA754 /* munsell wheelTests */,
			);
		};
/* End PBXProject section */

/* Begin PBXResourcesBuildPhase section */
		1F44C0FE18DB5FAE008FA754 /* Resources */ = {
			isa = PBXResourcesBuildPhase;
			buildActionMask = 2147483647;
			files = (
				1F44C10E18DB5FAE008FA754 /* InfoPlist.strings in Resources */,
				1F44C11C18DB5FAE008FA754 /* Images.xcassets in Resources */,
				1F44C11418DB5FAE008FA754 /* Credits.rtf in Resources */,
				1F44C11A18DB5FAE008FA754 /* MainMenu.xib in Resources */,
			);
			runOnlyForDeploymentPostprocessing = 0;
		};
		1F44C11F18DB5FAE008FA754 /* Resources */ = {
			isa = PBXResourcesBuildPhase;
			buildActionMask = 2147483647;
			files = (
				1F44C12C18DB5FAE008FA754 /* InfoPlist.strings in Resources */,
			);
			runOnlyForDeploymentPostprocessing = 0;
		};
/* End PBXResourcesBuildPhase section */

/* Begin PBXSourcesBuildPhase section */
		1F44C0FC18DB5FAE008FA754 /* Sources */ = {
			isa = PBXSourcesBuildPhase;
			buildActionMask = 2147483647;
			files = (
				1F44C11718DB5FAE008FA754 /* AppDelegate.m in Sources */,
				1F44C11018DB5FAE008FA754 /* main.m in Sources */,
			);
			runOnlyForDeploymentPostprocessing = 0;
		};
		1F44C11D18DB5FAE008FA754 /* Sources */ = {
			isa = PBXSourcesBuildPhase;
			buildActionMask = 2147483647;
			files = (
				1F44C12E18DB5FAE008FA754 /* munsell_wheelTests.m in Sources */,
			);
			runOnlyForDeploymentPostprocessing = 0;
		};
/* End PBXSourcesBuildPhase section */

/* Begin PBXTargetDependency section */
		1F44C12618DB5FAE008FA754 /* PBXTargetDependency */ = {
			isa = PBXTargetDependency;
			target = 1F44C0FF18DB5FAE008FA754 /* munsell wheel */;
			targetProxy = 1F44C12518DB5FAE008FA754 /* PBXContainerItemProxy */;
		};
/* End PBXTargetDependency section */

/* Begin PBXVariantGroup section */
		1F44C10C18DB5FAE008FA754 /* InfoPlist.strings */ = {
			isa = PBXVariantGroup;
			children = (
				1F44C10D18DB5FAE008FA754 /* en */,
			);
			name = InfoPlist.strings;
			sourceTree = "<group>";
		};
		1F44C11218DB5FAE008FA754 /* Credits.rtf */ = {
			isa = PBXVariantGroup;
			children = (
				1F44C11318DB5FAE008FA754 /* en */,
			);
			name = Credits.rtf;
			sourceTree = "<group>";
		};
		1F44C11818DB5FAE008FA754 /* MainMenu.xib */ = {
			isa = PBXVariantGroup;
			children = (
				1F44C11918DB5FAE008FA754 /* Base */,
			);
			name = MainMenu.xib;
			sourceTree = "<group>";
		};
		1F44C12A18DB5FAE008FA754 /* InfoPlist.strings */ = {
			isa = PBXVariantGroup;
			children = (
				1F44C12B18DB5FAE008FA754 /* en */,
			);
			name = InfoPlist.strings;
			sourceTree = "<group>";
		};
/* End PBXVariantGroup section */

/* Begin XCBuildConfiguration section */
		1F44C12F18DB5FAE008FA754 /* Debug */ = {
			isa = XCBuildConfiguration;
			buildSettings = {
				ALWAYS_SEARCH_USER_PATHS = NO;
				CLANG_CXX_LANGUAGE_STANDARD = "gnu++0x";
				CLANG_CXX_LIBRARY = "libc++";
				CLANG_ENABLE_OBJC_ARC = YES;
				CLANG_WARN_BOOL_CONVERSION = YES;
				CLANG_WARN_CONSTANT_CONVERSION = YES;
				CLANG_WARN_DIRECT_OBJC_ISA_USAGE = YES_ERROR;
				CLANG_WARN_EMPTY_BODY = YES;
				CLANG_WARN_ENUM_CONVERSION = YES;
				CLANG_WARN_INT_CONVERSION = YES;
				CLANG_WARN_OBJC_ROOT_CLASS = YES_ERROR;
				CLANG_WARN__DUPLICATE_METHOD_MATCH = YES;
				COPY_PHASE_STRIP = NO;
				GCC_C_LANGUAGE_STANDARD = gnu99;
				GCC_DYNAMIC_NO_PIC = NO;
				GCC_ENABLE_OBJC_EXCEPTIONS = YES;
				GCC_OPTIMIZATION_LEVEL = 0;
				GCC_PREPROCESSOR_DEFINITIONS = (
					"DEBUG=1",
					"$(inherited)",
				);
				GCC_SYMBOLS_PRIVATE_EXTERN = NO;
				GCC_WARN_64_TO_32_BIT_CONVERSION = YES;
				GCC_WARN_ABOUT_RETURN_TYPE = YES_ERROR;
				GCC_WARN_UNDECLARED_SELECTOR = YES;
				GCC_WARN_UNINITIALIZED_AUTOS = YES;
				GCC_WARN_UNUSED_FUNCTION = YES;
				GCC_WARN_UNUSED_VARIABLE = YES;
				MACOSX_DEPLOYMENT_TARGET = 10.9;
				ONLY_ACTIVE_ARCH = YES;
				SDKROOT = macosx;
			};
			name = Debug;
		};
		1F44C13018DB5FAE008FA754 /* Release */ = {
			isa = XCBuildConfiguration;
			buildSettings = {
				ALWAYS_SEARCH_USER_PATHS = NO;
				CLANG_CXX_LANGUAGE_STANDARD = "gnu++0x";
				CLANG_CXX_LIBRARY = "libc++";
				CLANG_ENABLE_OBJC_ARC = YES;
				CLANG_WARN_BOOL_CONVERSION = YES;
				CLANG_WARN_CONSTANT_CONVERSION = YES;
				CLANG_WARN_DIRECT_OBJC_ISA_USAGE = YES_ERROR;
				CLANG_WARN_EMPTY_BODY = YES;
				CLANG_WARN_ENUM_CONVERSION = YES;
				CLANG_WARN_INT_CONVERSION = YES;
				CLANG_WARN_OBJC_ROOT_CLASS = YES_ERROR;
				CLANG_WARN__DUPLICATE_METHOD_MATCH = YES;
				COPY_PHASE_STRIP = YES;
				DEBUG_INFORMATION_FORMAT = "dwarf-with-dsym";
				ENABLE_NS_ASSERTIONS = NO;
				GCC_C_LANGUAGE_STANDARD = gnu99;
				GCC_ENABLE_OBJC_EXCEPTIONS = YES;
				GCC_WARN_64_TO_32_BIT_CONVERSION = YES;
				GCC_WARN_ABOUT_RETURN_TYPE = YES_ERROR;
				GCC_WARN_UNDECLARED_SELECTOR = YES;
				GCC_WARN_UNINITIALIZED_AUTOS = YES;
				GCC_WARN_UNUSED_FUNCTION = YES;
				GCC_WARN_UNUSED_VARIABLE = YES;
				MACOSX_DEPLOYMENT_TARGET = 10.9;
				SDKROOT = macosx;
			};
			name = Release;
		};
		1F44C13218DB5FAE008FA754 /* Debug */ = {
			isa = XCBuildConfiguration;
			buildSettings = {
				ASSETCATALOG_COMPILER_APPICON_NAME = AppIcon;
				COMBINE_HIDPI_IMAGES = YES;
				GCC_PRECOMPILE_PREFIX_HEADER = YES;
				GCC_PREFIX_HEADER = "munsell wheel/munsell wheel-Prefix.pch";
				INFOPLIST_FILE = "munsell wheel/munsell wheel-Info.plist";
				PRODUCT_NAME = "$(TARGET_NAME)";
				WRAPPER_EXTENSION = app;
			};
			name = Debug;
		};
		1F44C13318DB5FAE008FA754 /* Release */ = {
			isa = XCBuildConfiguration;
			buildSettings = {
				ASSETCATALOG_COMPILER_APPICON_NAME = AppIcon;
				COMBINE_HIDPI_IMAGES = YES;
				GCC_PRECOMPILE_PREFIX_HEADER = YES;
				GCC_PREFIX_HEADER = "munsell wheel/munsell wheel-Prefix.pch";
				INFOPLIST_FILE = "munsell wheel/munsell wheel-Info.plist";
				PRODUCT_NAME = "$(TARGET_NAME)";
				WRAPPER_EXTENSION = app;
			};
			name = Release;
		};
		1F44C13518DB5FAE008FA754 /* Debug */ = {
			isa = XCBuildConfiguration;
			buildSettings = {
				BUNDLE_LOADER = "$(BUILT_PRODUCTS_DIR)/munsell wheel.app/Contents/MacOS/munsell wheel";
				COMBINE_HIDPI_IMAGES = YES;
				FRAMEWORK_SEARCH_PATHS = (
					"$(DEVELOPER_FRAMEWORKS_DIR)",
					"$(inherited)",
				);
				GCC_PRECOMPILE_PREFIX_HEADER = YES;
				GCC_PREFIX_HEADER = "munsell wheel/munsell wheel-Prefix.pch";
				GCC_PREPROCESSOR_DEFINITIONS = (
					"DEBUG=1",
					"$(inherited)",
				);
				INFOPLIST_FILE = "munsell wheelTests/munsell wheelTests-Info.plist";
				PRODUCT_NAME = "$(TARGET_NAME)";
				TEST_HOST = "$(BUNDLE_LOADER)";
				WRAPPER_EXTENSION = xctest;
			};
			name = Debug;
		};
		1F44C13618DB5FAE008FA754 /* Release */ = {
			isa = XCBuildConfiguration;
			buildSettings = {
				BUNDLE_LOADER = "$(BUILT_PRODUCTS_DIR)/munsell wheel.app/Contents/MacOS/munsell wheel";
				COMBINE_HIDPI_IMAGES = YES;
				FRAMEWORK_SEARCH_PATHS = (
					"$(DEVELOPER_FRAMEWORKS_DIR)",
					"$(inherited)",
				);
				GCC_PRECOMPILE_PREFIX_HEADER = YES;
				GCC_PREFIX_HEADER = "munsell wheel/munsell wheel-Prefix.pch";
				INFOPLIST_FILE = "munsell wheelTests/munsell wheelTests-Info.plist";
				PRODUCT_NAME = "$(TARGET_NAME)";
				TEST_HOST = "$(BUNDLE_LOADER)";
				WRAPPER_EXTENSION = xctest;
			};
			name = Release;
		};
/* End XCBuildConfiguration section */

/* Begin XCConfigurationList section */
		1F44C0FB18DB5FAD008FA754 /* Build configuration list for PBXProject "munsell wheel" */ = {
			isa = XCConfigurationList;
			buildConfigurations = (
				1F44C12F18DB5FAE008FA754 /* Debug */,
				1F44C13018DB5FAE008FA754 /* Release */,
			);
			defaultConfigurationIsVisible = 0;
			defaultConfigurationName = Release;
		};
		1F44C13118DB5FAE008FA754 /* Build configuration list for PBXNativeTarget "munsell wheel" */ = {
			isa = XCConfigurationList;
			buildConfigurations = (
				1F44C13218DB5FAE008FA754 /* Debug */,
				1F44C13318DB5FAE008FA754 /* Release */,
			);
			defaultConfigurationIsVisible = 0;
		};
		1F44C13418DB5FAE008FA754 /* Build configuration list for PBXNativeTarget "munsell wheelTests" */ = {
			isa = XCConfigurationList;
			buildConfigurations = (
				1F44C13518DB5FAE008FA754 /* Debug */,
				1F44C13618DB5FAE008FA754 /* Release */,
			);
			defaultConfigurationIsVisible = 0;
		};
/* End XCConfigurationList section */
	};
	rootObject = 1F44C0F818DB5FAD008FA754 /* Project object */;
}
